// !$*UTF8*$!
{
	archiveVersion = 1;
	classes = {
	};
	objectVersion = 50;
	objects = {

/* Begin PBXBuildFile section */
		517F2E1D2279FF7F00FCF486 /* AppDelegate.swift in Sources */ = {isa = PBXBuildFile; fileRef = 517F2E1C2279FF7F00FCF486 /* AppDelegate.swift */; };
		517F2E242279FF8100FCF486 /* Assets.xcassets in Resources */ = {isa = PBXBuildFile; fileRef = 517F2E232279FF8100FCF486 /* Assets.xcassets */; };
		517F2E272279FF8100FCF486 /* LaunchScreen.storyboard in Resources */ = {isa = PBXBuildFile; fileRef = 517F2E252279FF8100FCF486 /* LaunchScreen.storyboard */; };
		517F2E322279FF8100FCF486 /* MPFiOSTests.swift in Sources */ = {isa = PBXBuildFile; fileRef = 517F2E312279FF8100FCF486 /* MPFiOSTests.swift */; };
		517F2E3D2279FF8100FCF486 /* MPFiOSUITests.swift in Sources */ = {isa = PBXBuildFile; fileRef = 517F2E3C2279FF8100FCF486 /* MPFiOSUITests.swift */; };
		517F2E4B227A008300FCF486 /* sharedcode.framework in Frameworks */ = {isa = PBXBuildFile; fileRef = 517F2E4A227A008300FCF486 /* sharedcode.framework */; };
		517F2E4C227A008300FCF486 /* sharedcode.framework in Embed Frameworks */ = {isa = PBXBuildFile; fileRef = 517F2E4A227A008300FCF486 /* sharedcode.framework */; settings = {ATTRIBUTES = (CodeSignOnCopy, RemoveHeadersOnCopy, ); }; };
		517F2E50227ACFBA00FCF486 /* UserTableViewController.swift in Sources */ = {isa = PBXBuildFile; fileRef = 517F2E4F227ACFBA00FCF486 /* UserTableViewController.swift */; };
		517F2E52227AD03F00FCF486 /* Main.storyboard in Resources */ = {isa = PBXBuildFile; fileRef = 517F2E51227AD03F00FCF486 /* Main.storyboard */; };
		517F2E54227AD13200FCF486 /* RepoTableViewController.swift in Sources */ = {isa = PBXBuildFile; fileRef = 517F2E53227AD13200FCF486 /* RepoTableViewController.swift */; };
		517F2E56227DB59000FCF486 /* RepoTableViewCell.swift in Sources */ = {isa = PBXBuildFile; fileRef = 517F2E55227DB59000FCF486 /* RepoTableViewCell.swift */; };
/* End PBXBuildFile section */

/* Begin PBXContainerItemProxy section */
		517F2E2E2279FF8100FCF486 /* PBXContainerItemProxy */ = {
			isa = PBXContainerItemProxy;
			containerPortal = 517F2E112279FF7F00FCF486 /* Project object */;
			proxyType = 1;
			remoteGlobalIDString = 517F2E182279FF7F00FCF486;
			remoteInfo = MPFiOS;
		};
		517F2E392279FF8100FCF486 /* PBXContainerItemProxy */ = {
			isa = PBXContainerItemProxy;
			containerPortal = 517F2E112279FF7F00FCF486 /* Project object */;
			proxyType = 1;
			remoteGlobalIDString = 517F2E182279FF7F00FCF486;
			remoteInfo = MPFiOS;
		};
/* End PBXContainerItemProxy section */

/* Begin PBXCopyFilesBuildPhase section */
		517F2E4D227A008300FCF486 /* Embed Frameworks */ = {
			isa = PBXCopyFilesBuildPhase;
			buildActionMask = 2147483647;
			dstPath = "";
			dstSubfolderSpec = 10;
			files = (
				517F2E4C227A008300FCF486 /* sharedcode.framework in Embed Frameworks */,
			);
			name = "Embed Frameworks";
			runOnlyForDeploymentPostprocessing = 0;
		};
/* End PBXCopyFilesBuildPhase section */

/* Begin PBXFileReference section */
		517F2E192279FF7F00FCF486 /* MPFiOS.app */ = {isa = PBXFileReference; explicitFileType = wrapper.application; includeInIndex = 0; path = MPFiOS.app; sourceTree = BUILT_PRODUCTS_DIR; };
		517F2E1C2279FF7F00FCF486 /* AppDelegate.swift */ = {isa = PBXFileReference; lastKnownFileType = sourcecode.swift; path = AppDelegate.swift; sourceTree = "<group>"; };
		517F2E232279FF8100FCF486 /* Assets.xcassets */ = {isa = PBXFileReference; lastKnownFileType = folder.assetcatalog; path = Assets.xcassets; sourceTree = "<group>"; };
		517F2E262279FF8100FCF486 /* Base */ = {isa = PBXFileReference; lastKnownFileType = file.storyboard; name = Base; path = Base.lproj/LaunchScreen.storyboard; sourceTree = "<group>"; };
		517F2E282279FF8100FCF486 /* Info.plist */ = {isa = PBXFileReference; lastKnownFileType = text.plist.xml; path = Info.plist; sourceTree = "<group>"; };
		517F2E2D2279FF8100FCF486 /* MPFiOSTests.xctest */ = {isa = PBXFileReference; explicitFileType = wrapper.cfbundle; includeInIndex = 0; path = MPFiOSTests.xctest; sourceTree = BUILT_PRODUCTS_DIR; };
		517F2E312279FF8100FCF486 /* MPFiOSTests.swift */ = {isa = PBXFileReference; lastKnownFileType = sourcecode.swift; path = MPFiOSTests.swift; sourceTree = "<group>"; };
		517F2E332279FF8100FCF486 /* Info.plist */ = {isa = PBXFileReference; lastKnownFileType = text.plist.xml; path = Info.plist; sourceTree = "<group>"; };
		517F2E382279FF8100FCF486 /* MPFiOSUITests.xctest */ = {isa = PBXFileReference; explicitFileType = wrapper.cfbundle; includeInIndex = 0; path = MPFiOSUITests.xctest; sourceTree = BUILT_PRODUCTS_DIR; };
		517F2E3C2279FF8100FCF486 /* MPFiOSUITests.swift */ = {isa = PBXFileReference; lastKnownFileType = sourcecode.swift; path = MPFiOSUITests.swift; sourceTree = "<group>"; };
		517F2E3E2279FF8100FCF486 /* Info.plist */ = {isa = PBXFileReference; lastKnownFileType = text.plist.xml; path = Info.plist; sourceTree = "<group>"; };
		517F2E4A227A008300FCF486 /* sharedcode.framework */ = {isa = PBXFileReference; lastKnownFileType = wrapper.framework; name = sharedcode.framework; path = "../../sharedcode/build/xcode-frameworks/sharedcode.framework"; sourceTree = "<group>"; };
		517F2E4F227ACFBA00FCF486 /* UserTableViewController.swift */ = {isa = PBXFileReference; lastKnownFileType = sourcecode.swift; path = UserTableViewController.swift; sourceTree = "<group>"; };
		517F2E51227AD03F00FCF486 /* Main.storyboard */ = {isa = PBXFileReference; fileEncoding = 4; lastKnownFileType = file.storyboard; path = Main.storyboard; sourceTree = "<group>"; };
		517F2E53227AD13200FCF486 /* RepoTableViewController.swift */ = {isa = PBXFileReference; lastKnownFileType = sourcecode.swift; path = RepoTableViewController.swift; sourceTree = "<group>"; };
		517F2E55227DB59000FCF486 /* RepoTableViewCell.swift */ = {isa = PBXFileReference; lastKnownFileType = sourcecode.swift; path = RepoTableViewCell.swift; sourceTree = "<group>"; };
/* End PBXFileReference section */

/* Begin PBXFrameworksBuildPhase section */
		517F2E162279FF7F00FCF486 /* Frameworks */ = {
			isa = PBXFrameworksBuildPhase;
			buildActionMask = 2147483647;
			files = (
				517F2E4B227A008300FCF486 /* sharedcode.framework in Frameworks */,
			);
			runOnlyForDeploymentPostprocessing = 0;
		};
		517F2E2A2279FF8100FCF486 /* Frameworks */ = {
			isa = PBXFrameworksBuildPhase;
			buildActionMask = 2147483647;
			files = (
			);
			runOnlyForDeploymentPostprocessing = 0;
		};
		517F2E352279FF8100FCF486 /* Frameworks */ = {
			isa = PBXFrameworksBuildPhase;
			buildActionMask = 2147483647;
			files = (
			);
			runOnlyForDeploymentPostprocessing = 0;
		};
/* End PBXFrameworksBuildPhase section */

/* Begin PBXGroup section */
		517F2E102279FF7F00FCF486 = {
			isa = PBXGroup;
			children = (
				517F2E4A227A008300FCF486 /* sharedcode.framework */,
				517F2E1B2279FF7F00FCF486 /* MPFiOS */,
				517F2E302279FF8100FCF486 /* MPFiOSTests */,
				517F2E3B2279FF8100FCF486 /* MPFiOSUITests */,
				517F2E1A2279FF7F00FCF486 /* Products */,
			);
			sourceTree = "<group>";
		};
		517F2E1A2279FF7F00FCF486 /* Products */ = {
			isa = PBXGroup;
			children = (
				517F2E192279FF7F00FCF486 /* MPFiOS.app */,
				517F2E2D2279FF8100FCF486 /* MPFiOSTests.xctest */,
				517F2E382279FF8100FCF486 /* MPFiOSUITests.xctest */,
			);
			name = Products;
			sourceTree = "<group>";
		};
		517F2E1B2279FF7F00FCF486 /* MPFiOS */ = {
			isa = PBXGroup;
			children = (
				517F2E4F227ACFBA00FCF486 /* UserTableViewController.swift */,
				517F2E1C2279FF7F00FCF486 /* AppDelegate.swift */,
				517F2E232279FF8100FCF486 /* Assets.xcassets */,
				517F2E252279FF8100FCF486 /* LaunchScreen.storyboard */,
				517F2E51227AD03F00FCF486 /* Main.storyboard */,
				517F2E53227AD13200FCF486 /* RepoTableViewController.swift */,
				517F2E282279FF8100FCF486 /* Info.plist */,
				517F2E55227DB59000FCF486 /* RepoTableViewCell.swift */,
			);
			path = MPFiOS;
			sourceTree = "<group>";
		};
		517F2E302279FF8100FCF486 /* MPFiOSTests */ = {
			isa = PBXGroup;
			children = (
				517F2E312279FF8100FCF486 /* MPFiOSTests.swift */,
				517F2E332279FF8100FCF486 /* Info.plist */,
			);
			path = MPFiOSTests;
			sourceTree = "<group>";
		};
		517F2E3B2279FF8100FCF486 /* MPFiOSUITests */ = {
			isa = PBXGroup;
			children = (
				517F2E3C2279FF8100FCF486 /* MPFiOSUITests.swift */,
				517F2E3E2279FF8100FCF486 /* Info.plist */,
			);
			path = MPFiOSUITests;
			sourceTree = "<group>";
		};
/* End PBXGroup section */

/* Begin PBXNativeTarget section */
		517F2E182279FF7F00FCF486 /* MPFiOS */ = {
			isa = PBXNativeTarget;
			buildConfigurationList = 517F2E412279FF8100FCF486 /* Build configuration list for PBXNativeTarget "MPFiOS" */;
			buildPhases = (
				517F2E4E227A014400FCF486 /* ShellScript */,
				517F2E152279FF7F00FCF486 /* Sources */,
				517F2E162279FF7F00FCF486 /* Frameworks */,
				517F2E172279FF7F00FCF486 /* Resources */,
				517F2E4D227A008300FCF486 /* Embed Frameworks */,
			);
			buildRules = (
			);
			dependencies = (
			);
			name = MPFiOS;
			productName = MPFiOS;
			productReference = 517F2E192279FF7F00FCF486 /* MPFiOS.app */;
			productType = "com.apple.product-type.application";
		};
		517F2E2C2279FF8100FCF486 /* MPFiOSTests */ = {
			isa = PBXNativeTarget;
			buildConfigurationList = 517F2E442279FF8100FCF486 /* Build configuration list for PBXNativeTarget "MPFiOSTests" */;
			buildPhases = (
				517F2E292279FF8100FCF486 /* Sources */,
				517F2E2A2279FF8100FCF486 /* Frameworks */,
				517F2E2B2279FF8100FCF486 /* Resources */,
			);
			buildRules = (
			);
			dependencies = (
				517F2E2F2279FF8100FCF486 /* PBXTargetDependency */,
			);
			name = MPFiOSTests;
			productName = MPFiOSTests;
			productReference = 517F2E2D2279FF8100FCF486 /* MPFiOSTests.xctest */;
			productType = "com.apple.product-type.bundle.unit-test";
		};
		517F2E372279FF8100FCF486 /* MPFiOSUITests */ = {
			isa = PBXNativeTarget;
			buildConfigurationList = 517F2E472279FF8100FCF486 /* Build configuration list for PBXNativeTarget "MPFiOSUITests" */;
			buildPhases = (
				517F2E342279FF8100FCF486 /* Sources */,
				517F2E352279FF8100FCF486 /* Frameworks */,
				517F2E362279FF8100FCF486 /* Resources */,
			);
			buildRules = (
			);
			dependencies = (
				517F2E3A2279FF8100FCF486 /* PBXTargetDependency */,
			);
			name = MPFiOSUITests;
			productName = MPFiOSUITests;
			productReference = 517F2E382279FF8100FCF486 /* MPFiOSUITests.xctest */;
			productType = "com.apple.product-type.bundle.ui-testing";
		};
/* End PBXNativeTarget section */

/* Begin PBXProject section */
		517F2E112279FF7F00FCF486 /* Project object */ = {
			isa = PBXProject;
			attributes = {
				LastSwiftUpdateCheck = 1020;
				LastUpgradeCheck = 1020;
				ORGANIZATIONNAME = "Anna-Karin Evert";
				TargetAttributes = {
					517F2E182279FF7F00FCF486 = {
						CreatedOnToolsVersion = 10.2.1;
					};
					517F2E2C2279FF8100FCF486 = {
						CreatedOnToolsVersion = 10.2.1;
						TestTargetID = 517F2E182279FF7F00FCF486;
					};
					517F2E372279FF8100FCF486 = {
						CreatedOnToolsVersion = 10.2.1;
						TestTargetID = 517F2E182279FF7F00FCF486;
					};
				};
			};
			buildConfigurationList = 517F2E142279FF7F00FCF486 /* Build configuration list for PBXProject "MPFiOS" */;
			compatibilityVersion = "Xcode 9.3";
			developmentRegion = en;
			hasScannedForEncodings = 0;
			knownRegions = (
				en,
				Base,
			);
			mainGroup = 517F2E102279FF7F00FCF486;
			productRefGroup = 517F2E1A2279FF7F00FCF486 /* Products */;
			projectDirPath = "";
			projectRoot = "";
			targets = (
				517F2E182279FF7F00FCF486 /* MPFiOS */,
				517F2E2C2279FF8100FCF486 /* MPFiOSTests */,
				517F2E372279FF8100FCF486 /* MPFiOSUITests */,
			);
		};
/* End PBXProject section */

/* Begin PBXResourcesBuildPhase section */
		517F2E172279FF7F00FCF486 /* Resources */ = {
			isa = PBXResourcesBuildPhase;
			buildActionMask = 2147483647;
			files = (
				517F2E52227AD03F00FCF486 /* Main.storyboard in Resources */,
				517F2E272279FF8100FCF486 /* LaunchScreen.storyboard in Resources */,
				517F2E242279FF8100FCF486 /* Assets.xcassets in Resources */,
			);
			runOnlyForDeploymentPostprocessing = 0;
		};
		517F2E2B2279FF8100FCF486 /* Resources */ = {
			isa = PBXResourcesBuildPhase;
			buildActionMask = 2147483647;
			files = (
			);
			runOnlyForDeploymentPostprocessing = 0;
		};
		517F2E362279FF8100FCF486 /* Resources */ = {
			isa = PBXResourcesBuildPhase;
			buildActionMask = 2147483647;
			files = (
			);
			runOnlyForDeploymentPostprocessing = 0;
		};
/* End PBXResourcesBuildPhase section */

/* Begin PBXShellScriptBuildPhase section */
		517F2E4E227A014400FCF486 /* ShellScript */ = {
			isa = PBXShellScriptBuildPhase;
			buildActionMask = 2147483647;
			files = (
			);
			inputFileListPaths = (
			);
			inputPaths = (
			);
			outputFileListPaths = (
			);
			outputPaths = (
			);
			runOnlyForDeploymentPostprocessing = 0;
			shellPath = /bin/sh;
			shellScript = "cd $SRCROOT/../../sharedcode/build/xcode-frameworks\n./gradlew :sharedcode:packForXCode -PXCODE_CONFIGURATION=${CONFIGURATION}\n";
		};
/* End PBXShellScriptBuildPhase section */

/* Begin PBXSourcesBuildPhase section */
		517F2E152279FF7F00FCF486 /* Sources */ = {
			isa = PBXSourcesBuildPhase;
			buildActionMask = 2147483647;
			files = (
				517F2E50227ACFBA00FCF486 /* UserTableViewController.swift in Sources */,
				517F2E54227AD13200FCF486 /* RepoTableViewController.swift in Sources */,
				517F2E1D2279FF7F00FCF486 /* AppDelegate.swift in Sources */,
				517F2E56227DB59000FCF486 /* RepoTableViewCell.swift in Sources */,
			);
			runOnlyForDeploymentPostprocessing = 0;
		};
		517F2E292279FF8100FCF486 /* Sources */ = {
			isa = PBXSourcesBuildPhase;
			buildActionMask = 2147483647;
			files = (
				517F2E322279FF8100FCF486 /* MPFiOSTests.swift in Sources */,
			);
			runOnlyForDeploymentPostprocessing = 0;
		};
		517F2E342279FF8100FCF486 /* Sources */ = {
			isa = PBXSourcesBuildPhase;
			buildActionMask = 2147483647;
			files = (
				517F2E3D2279FF8100FCF486 /* MPFiOSUITests.swift in Sources */,
			);
			runOnlyForDeploymentPostprocessing = 0;
		};
/* End PBXSourcesBuildPhase section */

/* Begin PBXTargetDependency section */
		517F2E2F2279FF8100FCF486 /* PBXTargetDependency */ = {
			isa = PBXTargetDependency;
			target = 517F2E182279FF7F00FCF486 /* MPFiOS */;
			targetProxy = 517F2E2E2279FF8100FCF486 /* PBXContainerItemProxy */;
		};
		517F2E3A2279FF8100FCF486 /* PBXTargetDependency */ = {
			isa = PBXTargetDependency;
			target = 517F2E182279FF7F00FCF486 /* MPFiOS */;
			targetProxy = 517F2E392279FF8100FCF486 /* PBXContainerItemProxy */;
		};
/* End PBXTargetDependency section */

/* Begin PBXVariantGroup section */
		517F2E252279FF8100FCF486 /* LaunchScreen.storyboard */ = {
			isa = PBXVariantGroup;
			children = (
				517F2E262279FF8100FCF486 /* Base */,
			);
			name = LaunchScreen.storyboard;
			sourceTree = "<group>";
		};
/* End PBXVariantGroup section */

/* Begin XCBuildConfiguration section */
		517F2E3F2279FF8100FCF486 /* Debug */ = {
			isa = XCBuildConfiguration;
			buildSettings = {
				ALWAYS_SEARCH_USER_PATHS = NO;
				CLANG_ANALYZER_NONNULL = YES;
				CLANG_ANALYZER_NUMBER_OBJECT_CONVERSION = YES_AGGRESSIVE;
				CLANG_CXX_LANGUAGE_STANDARD = "gnu++14";
				CLANG_CXX_LIBRARY = "libc++";
				CLANG_ENABLE_MODULES = YES;
				CLANG_ENABLE_OBJC_ARC = YES;
				CLANG_ENABLE_OBJC_WEAK = YES;
				CLANG_WARN_BLOCK_CAPTURE_AUTORELEASING = YES;
				CLANG_WARN_BOOL_CONVERSION = YES;
				CLANG_WARN_COMMA = YES;
				CLANG_WARN_CONSTANT_CONVERSION = YES;
				CLANG_WARN_DEPRECATED_OBJC_IMPLEMENTATIONS = YES;
				CLANG_WARN_DIRECT_OBJC_ISA_USAGE = YES_ERROR;
				CLANG_WARN_DOCUMENTATION_COMMENTS = YES;
				CLANG_WARN_EMPTY_BODY = YES;
				CLANG_WARN_ENUM_CONVERSION = YES;
				CLANG_WARN_INFINITE_RECURSION = YES;
				CLANG_WARN_INT_CONVERSION = YES;
				CLANG_WARN_NON_LITERAL_NULL_CONVERSION = YES;
				CLANG_WARN_OBJC_IMPLICIT_RETAIN_SELF = YES;
				CLANG_WARN_OBJC_LITERAL_CONVERSION = YES;
				CLANG_WARN_OBJC_ROOT_CLASS = YES_ERROR;
				CLANG_WARN_RANGE_LOOP_ANALYSIS = YES;
				CLANG_WARN_STRICT_PROTOTYPES = YES;
				CLANG_WARN_SUSPICIOUS_MOVE = YES;
				CLANG_WARN_UNGUARDED_AVAILABILITY = YES_AGGRESSIVE;
				CLANG_WARN_UNREACHABLE_CODE = YES;
				CLANG_WARN__DUPLICATE_METHOD_MATCH = YES;
				CODE_SIGN_IDENTITY = "iPhone Developer";
				COPY_PHASE_STRIP = NO;
				DEBUG_INFORMATION_FORMAT = dwarf;
				ENABLE_STRICT_OBJC_MSGSEND = YES;
				ENABLE_TESTABILITY = YES;
				GCC_C_LANGUAGE_STANDARD = gnu11;
				GCC_DYNAMIC_NO_PIC = NO;
				GCC_NO_COMMON_BLOCKS = YES;
				GCC_OPTIMIZATION_LEVEL = 0;
				GCC_PREPROCESSOR_DEFINITIONS = (
					"DEBUG=1",
					"$(inherited)",
				);
				GCC_WARN_64_TO_32_BIT_CONVERSION = YES;
				GCC_WARN_ABOUT_RETURN_TYPE = YES_ERROR;
				GCC_WARN_UNDECLARED_SELECTOR = YES;
				GCC_WARN_UNINITIALIZED_AUTOS = YES_AGGRESSIVE;
				GCC_WARN_UNUSED_FUNCTION = YES;
				GCC_WARN_UNUSED_VARIABLE = YES;
				IPHONEOS_DEPLOYMENT_TARGET = 12.2;
				MTL_ENABLE_DEBUG_INFO = INCLUDE_SOURCE;
				MTL_FAST_MATH = YES;
				ONLY_ACTIVE_ARCH = YES;
				SDKROOT = iphoneos;
				SWIFT_ACTIVE_COMPILATION_CONDITIONS = DEBUG;
				SWIFT_OPTIMIZATION_LEVEL = "-Onone";
			};
			name = Debug;
		};
		517F2E402279FF8100FCF486 /* Release */ = {
			isa = XCBuildConfiguration;
			buildSettings = {
				ALWAYS_SEARCH_USER_PATHS = NO;
				CLANG_ANALYZER_NONNULL = YES;
				CLANG_ANALYZER_NUMBER_OBJECT_CONVERSION = YES_AGGRESSIVE;
				CLANG_CXX_LANGUAGE_STANDARD = "gnu++14";
				CLANG_CXX_LIBRARY = "libc++";
				CLANG_ENABLE_MODULES = YES;
				CLANG_ENABLE_OBJC_ARC = YES;
				CLANG_ENABLE_OBJC_WEAK = YES;
				CLANG_WARN_BLOCK_CAPTURE_AUTORELEASING = YES;
				CLANG_WARN_BOOL_CONVERSION = YES;
				CLANG_WARN_COMMA = YES;
				CLANG_WARN_CONSTANT_CONVERSION = YES;
				CLANG_WARN_DEPRECATED_OBJC_IMPLEMENTATIONS = YES;
				CLANG_WARN_DIRECT_OBJC_ISA_USAGE = YES_ERROR;
				CLANG_WARN_DOCUMENTATION_COMMENTS = YES;
				CLANG_WARN_EMPTY_BODY = YES;
				CLANG_WARN_ENUM_CONVERSION = YES;
				CLANG_WARN_INFINITE_RECURSION = YES;
				CLANG_WARN_INT_CONVERSION = YES;
				CLANG_WARN_NON_LITERAL_NULL_CONVERSION = YES;
				CLANG_WARN_OBJC_IMPLICIT_RETAIN_SELF = YES;
				CLANG_WARN_OBJC_LITERAL_CONVERSION = YES;
				CLANG_WARN_OBJC_ROOT_CLASS = YES_ERROR;
				CLANG_WARN_RANGE_LOOP_ANALYSIS = YES;
				CLANG_WARN_STRICT_PROTOTYPES = YES;
				CLANG_WARN_SUSPICIOUS_MOVE = YES;
				CLANG_WARN_UNGUARDED_AVAILABILITY = YES_AGGRESSIVE;
				CLANG_WARN_UNREACHABLE_CODE = YES;
				CLANG_WARN__DUPLICATE_METHOD_MATCH = YES;
				CODE_SIGN_IDENTITY = "iPhone Developer";
				COPY_PHASE_STRIP = NO;
				DEBUG_INFORMATION_FORMAT = "dwarf-with-dsym";
				ENABLE_NS_ASSERTIONS = NO;
				ENABLE_STRICT_OBJC_MSGSEND = YES;
				GCC_C_LANGUAGE_STANDARD = gnu11;
				GCC_NO_COMMON_BLOCKS = YES;
				GCC_WARN_64_TO_32_BIT_CONVERSION = YES;
				GCC_WARN_ABOUT_RETURN_TYPE = YES_ERROR;
				GCC_WARN_UNDECLARED_SELECTOR = YES;
				GCC_WARN_UNINITIALIZED_AUTOS = YES_AGGRESSIVE;
				GCC_WARN_UNUSED_FUNCTION = YES;
				GCC_WARN_UNUSED_VARIABLE = YES;
				IPHONEOS_DEPLOYMENT_TARGET = 12.2;
				MTL_ENABLE_DEBUG_INFO = NO;
				MTL_FAST_MATH = YES;
				SDKROOT = iphoneos;
				SWIFT_COMPILATION_MODE = wholemodule;
				SWIFT_OPTIMIZATION_LEVEL = "-O";
				VALIDATE_PRODUCT = YES;
			};
			name = Release;
		};
		517F2E422279FF8100FCF486 /* Debug */ = {
			isa = XCBuildConfiguration;
			buildSettings = {
				ASSETCATALOG_COMPILER_APPICON_NAME = AppIcon;
				CODE_SIGN_STYLE = Automatic;
				DEVELOPMENT_TEAM = 2L6UU27YHV;
				ENABLE_BITCODE = NO;
				FRAMEWORK_SEARCH_PATHS = "$(SRCROOT)/../../sharedcode/build/xcode-frameworks";
				INFOPLIST_FILE = MPFiOS/Info.plist;
				IPHONEOS_DEPLOYMENT_TARGET = 12.1;
				LD_RUNPATH_SEARCH_PATHS = (
					"$(inherited)",
					"@executable_path/Frameworks",
				);
				PRODUCT_BUNDLE_IDENTIFIER = akevert.MPFiOS;
				PRODUCT_NAME = "$(TARGET_NAME)";
				SWIFT_VERSION = 5.0;
				TARGETED_DEVICE_FAMILY = "1,2";
			};
			name = Debug;
		};
		517F2E432279FF8100FCF486 /* Release */ = {
			isa = XCBuildConfiguration;
			buildSettings = {
				ASSETCATALOG_COMPILER_APPICON_NAME = AppIcon;
				CODE_SIGN_STYLE = Automatic;
				DEVELOPMENT_TEAM = 2L6UU27YHV;
				ENABLE_BITCODE = NO;
				FRAMEWORK_SEARCH_PATHS = "$(SRCROOT)/../../sharedcode/build/xcode-frameworks";
				INFOPLIST_FILE = MPFiOS/Info.plist;
				IPHONEOS_DEPLOYMENT_TARGET = 12.1;
				LD_RUNPATH_SEARCH_PATHS = (
					"$(inherited)",
					"@executable_path/Frameworks",
				);
				PRODUCT_BUNDLE_IDENTIFIER = akevert.MPFiOS;
				PRODUCT_NAME = "$(TARGET_NAME)";
				SWIFT_VERSION = 5.0;
				TARGETED_DEVICE_FAMILY = "1,2";
			};
			name = Release;
		};
		517F2E452279FF8100FCF486 /* Debug */ = {
			isa = XCBuildConfiguration;
			buildSettings = {
				ALWAYS_EMBED_SWIFT_STANDARD_LIBRARIES = YES;
				BUNDLE_LOADER = "$(TEST_HOST)";
				CODE_SIGN_STYLE = Automatic;
				INFOPLIST_FILE = MPFiOSTests/Info.plist;
				LD_RUNPATH_SEARCH_PATHS = (
					"$(inherited)",
					"@executable_path/Frameworks",
					"@loader_path/Frameworks",
				);
				PRODUCT_BUNDLE_IDENTIFIER = akevert.MPFiOSTests;
				PRODUCT_NAME = "$(TARGET_NAME)";
				SWIFT_VERSION = 5.0;
				TARGETED_DEVICE_FAMILY = "1,2";
				TEST_HOST = "$(BUILT_PRODUCTS_DIR)/MPFiOS.app/MPFiOS";
			};
			name = Debug;
		};
		517F2E462279FF8100FCF486 /* Release */ = {
			isa = XCBuildConfiguration;
			buildSettings = {
				ALWAYS_EMBED_SWIFT_STANDARD_LIBRARIES = YES;
				BUNDLE_LOADER = "$(TEST_HOST)";
				CODE_SIGN_STYLE = Automatic;
				INFOPLIST_FILE = MPFiOSTests/Info.plist;
				LD_RUNPATH_SEARCH_PATHS = (
					"$(inherited)",
					"@executable_path/Frameworks",
					"@loader_path/Frameworks",
				);
				PRODUCT_BUNDLE_IDENTIFIER = akevert.MPFiOSTests;
				PRODUCT_NAME = "$(TARGET_NAME)";
				SWIFT_VERSION = 5.0;
				TARGETED_DEVICE_FAMILY = "1,2";
				TEST_HOST = "$(BUILT_PRODUCTS_DIR)/MPFiOS.app/MPFiOS";
			};
			name = Release;
		};
		517F2E482279FF8100FCF486 /* Debug */ = {
			isa = XCBuildConfiguration;
			buildSettings = {
				ALWAYS_EMBED_SWIFT_STANDARD_LIBRARIES = YES;
				CODE_SIGN_STYLE = Automatic;
				INFOPLIST_FILE = MPFiOSUITests/Info.plist;
				LD_RUNPATH_SEARCH_PATHS = (
					"$(inherited)",
					"@executable_path/Frameworks",
					"@loader_path/Frameworks",
				);
				PRODUCT_BUNDLE_IDENTIFIER = akevert.MPFiOSUITests;
				PRODUCT_NAME = "$(TARGET_NAME)";
				SWIFT_VERSION = 5.0;
				TARGETED_DEVICE_FAMILY = "1,2";
				TEST_TARGET_NAME = MPFiOS;
			};
			name = Debug;
		};
		517F2E492279FF8100FCF486 /* Release */ = {
			isa = XCBuildConfiguration;
			buildSettings = {
				ALWAYS_EMBED_SWIFT_STANDARD_LIBRARIES = YES;
				CODE_SIGN_STYLE = Automatic;
				INFOPLIST_FILE = MPFiOSUITests/Info.plist;
				LD_RUNPATH_SEARCH_PATHS = (
					"$(inherited)",
					"@executable_path/Frameworks",
					"@loader_path/Frameworks",
				);
				PRODUCT_BUNDLE_IDENTIFIER = akevert.MPFiOSUITests;
				PRODUCT_NAME = "$(TARGET_NAME)";
				SWIFT_VERSION = 5.0;
				TARGETED_DEVICE_FAMILY = "1,2";
				TEST_TARGET_NAME = MPFiOS;
			};
			name = Release;
		};
/* End XCBuildConfiguration section */

/* Begin XCConfigurationList section */
		517F2E142279FF7F00FCF486 /* Build configuration list for PBXProject "MPFiOS" */ = {
			isa = XCConfigurationList;
			buildConfigurations = (
				517F2E3F2279FF8100FCF486 /* Debug */,
				517F2E402279FF8100FCF486 /* Release */,
			);
			defaultConfigurationIsVisible = 0;
			defaultConfigurationName = Release;
		};
		517F2E412279FF8100FCF486 /* Build configuration list for PBXNativeTarget "MPFiOS" */ = {
			isa = XCConfigurationList;
			buildConfigurations = (
				517F2E422279FF8100FCF486 /* Debug */,
				517F2E432279FF8100FCF486 /* Release */,
			);
			defaultConfigurationIsVisible = 0;
			defaultConfigurationName = Release;
		};
		517F2E442279FF8100FCF486 /* Build configuration list for PBXNativeTarget "MPFiOSTests" */ = {
			isa = XCConfigurationList;
			buildConfigurations = (
				517F2E452279FF8100FCF486 /* Debug */,
				517F2E462279FF8100FCF486 /* Release */,
			);
			defaultConfigurationIsVisible = 0;
			defaultConfigurationName = Release;
		};
		517F2E472279FF8100FCF486 /* Build configuration list for PBXNativeTarget "MPFiOSUITests" */ = {
			isa = XCConfigurationList;
			buildConfigurations = (
				517F2E482279FF8100FCF486 /* Debug */,
				517F2E492279FF8100FCF486 /* Release */,
			);
			defaultConfigurationIsVisible = 0;
			defaultConfigurationName = Release;
		};
/* End XCConfigurationList section */
	};
	rootObject = 517F2E112279FF7F00FCF486 /* Project object */;
}
